{
    "name": "sparklemuffin",
    "version": "0.6.0",
    "lockfileVersion": 3,
    "requires": true,
    "packages": {
        "": {
            "name": "sparklemuffin",
            "version": "0.6.0",
            "license": "MIT",
            "devDependencies": {
                "@fortawesome/fontawesome-free": "^7.1.0",
                "awesomplete": "^1.1.7",
                "bulma": "^1.0.4",
                "easymde": "^2.20.0",
                "firacode": "^6.2.0",
                "htmx.org": "^2.0.8"
            }
        },
        "node_modules/@fortawesome/fontawesome-free": {
            "version": "7.1.0",
            "resolved": "https://registry.npmjs.org/@fortawesome/fontawesome-free/-/fontawesome-free-7.1.0.tgz",
            "integrity": "sha512-+WxNld5ZCJHvPQCr/GnzCTVREyStrAJjisUPtUxG5ngDA8TMlPnKp6dddlTpai4+1GNmltAeuk1hJEkBohwZYA==",
            "dev": true,
            "license": "(CC-BY-4.0 AND OFL-1.1 AND MIT)",
            "engines": {
                "node": ">=6"
            }
        },
        "node_modules/@types/codemirror": {
            "version": "5.60.16",
            "resolved": "https://registry.npmjs.org/@types/codemirror/-/codemirror-5.60.16.tgz",
            "integrity": "sha512-V/yHdamffSS075jit+fDxaOAmdP2liok8NSNJnAZfDJErzOheuygHZEhAJrfmk5TEyM32MhkZjwo/idX791yxw==",
            "dev": true,
            "license": "MIT",
            "dependencies": {
                "@types/tern": "*"
            }
        },
        "node_modules/@types/estree": {
            "version": "1.0.8",
            "resolved": "https://registry.npmjs.org/@types/estree/-/estree-1.0.8.tgz",
            "integrity": "sha512-dWHzHa2WqEXI/O1E9OjrocMTKJl2mSrEolh1Iomrv6U+JuNwaHXsXx9bLu5gG7BUWFIN0skIQJQ/L1rIex4X6w==",
            "dev": true,
            "license": "MIT"
        },
        "node_modules/@types/marked": {
            "version": "4.3.2",
            "resolved": "https://registry.npmjs.org/@types/marked/-/marked-4.3.2.tgz",
            "integrity": "sha512-a79Yc3TOk6dGdituy8hmTTJXjOkZ7zsFYV10L337ttq/rec8lRMDBpV7fL3uLx6TgbFCa5DU/h8FmIBQPSbU0w==",
            "dev": true,
            "license": "MIT"
        },
        "node_modules/@types/tern": {
            "version": "0.23.9",
            "resolved": "https://registry.npmjs.org/@types/tern/-/tern-0.23.9.tgz",
            "integrity": "sha512-ypzHFE/wBzh+BlH6rrBgS5I/Z7RD21pGhZ2rltb/+ZrVM1awdZwjx7hE5XfuYgHWk9uvV5HLZN3SloevCAp3Bw==",
            "dev": true,
            "license": "MIT",
            "dependencies": {
                "@types/estree": "*"
            }
        },
        "node_modules/awesomplete": {
            "version": "1.1.7",
            "resolved": "https://registry.npmjs.org/awesomplete/-/awesomplete-1.1.7.tgz",
            "integrity": "sha512-hwClzFReIIfheoMWpoJ7juLp1o6Q7YjTtEdZIGfXvhRHA9ewKM03VS4ZoK+OEFIKM066PfQt9pzRIGV1TguRBw==",
            "dev": true,
            "license": "MIT"
        },
        "node_modules/bulma": {
            "version": "1.0.4",
            "resolved": "https://registry.npmjs.org/bulma/-/bulma-1.0.4.tgz",
            "integrity": "sha512-Ffb6YGXDiZYX3cqvSbHWqQ8+LkX6tVoTcZuVB3lm93sbAVXlO0D6QlOTMnV6g18gILpAXqkG2z9hf9z4hCjz2g==",
            "dev": true,
            "license": "MIT"
        },
        "node_modules/codemirror": {
            "version": "5.65.20",
            "resolved": "https://registry.npmjs.org/codemirror/-/codemirror-5.65.20.tgz",
            "integrity": "sha512-i5dLDDxwkFCbhjvL2pNjShsojoL3XHyDwsGv1jqETUoW+lzpBKKqNTUWgQwVAOa0tUm4BwekT455ujafi8payA==",
            "dev": true,
            "license": "MIT"
        },
        "node_modules/codemirror-spell-checker": {
            "version": "1.1.2",
            "resolved": "https://registry.npmjs.org/codemirror-spell-checker/-/codemirror-spell-checker-1.1.2.tgz",
            "integrity": "sha512-2Tl6n0v+GJRsC9K3MLCdLaMOmvWL0uukajNJseorZJsslaxZyZMgENocPU8R0DyoTAiKsyqiemSOZo7kjGV0LQ==",
            "dev": true,
            "license": "MIT",
            "dependencies": {
                "typo-js": "*"
            }
        },
        "node_modules/easymde": {
            "version": "2.20.0",
            "resolved": "https://registry.npmjs.org/easymde/-/easymde-2.20.0.tgz",
            "integrity": "sha512-V1Z5f92TfR42Na852OWnIZMbM7zotWQYTddNaLYZFVKj7APBbyZ3FYJ27gBw2grMW3R6Qdv9J8n5Ij7XRSIgXQ==",
            "dev": true,
            "license": "MIT",
            "dependencies": {
                "@types/codemirror": "^5.60.10",
                "@types/marked": "^4.0.7",
                "codemirror": "^5.65.15",
                "codemirror-spell-checker": "1.1.2",
                "marked": "^4.1.0"
            }
        },
        "node_modules/firacode": {
            "version": "6.2.0",
            "resolved": "https://registry.npmjs.org/firacode/-/firacode-6.2.0.tgz",
            "integrity": "sha512-t5R3aO2BmhRXnYtKXbImLVNsILuCIbJ/XlDzBufjpi3il8P/CVdpWco83Ud3r2Tl0gitAmyP4o1fbJ52ozV1jw==",
            "dev": true,
            "license": "OFL-1.1"
        },
        "node_modules/htmx.org": {
            "version": "2.0.8",
            "resolved": "https://registry.npmjs.org/htmx.org/-/htmx.org-2.0.8.tgz",
            "integrity": "sha512-fm297iru0iWsNJlBrjvtN7V9zjaxd+69Oqjh4F/Vq9Wwi2kFisLcrLCiv5oBX0KLfOX/zG8AUo9ROMU5XUB44Q==",
            "dev": true,
            "license": "0BSD"
        },
        "node_modules/marked": {
            "version": "4.3.0",
            "resolved": "https://registry.npmjs.org/marked/-/marked-4.3.0.tgz",
            "integrity": "sha512-PRsaiG84bK+AMvxziE/lCFss8juXjNaWzVbN5tXAm4XjeaS9NAHhop+PjQxz2A9h8Q4M/xGmzP8vqNwy6JeK0A==",
            "dev": true,
            "license": "MIT",
            "bin": {
                "marked": "bin/marked.js"
            },
            "engines": {
                "node": ">= 12"
            }
        },
        "node_modules/typo-js": {
            "version": "1.3.0",
            "resolved": "https://registry.npmjs.org/typo-js/-/typo-js-1.3.0.tgz",
            "integrity": "sha512-ERVoYp5PG7jpj7+kzKmFZfp5+IYMOOQM3etNnlYu06Z2CL5UmC9ekT8Z/JVYpR7e7sXB4bOFq1fz/budv++Z0g==",
            "dev": true,
            "license": "BSD-3-Clause"
        }
    }
}
